{
  "name": "slideshare-scraper",
  "version": "0.0.1",
  "lockfileVersion": 1,
  "requires": true,
  "dependencies": {
    "executely": {
      "version": "0.0.3",
      "resolved": "https://registry.npmjs.org/executely/-/executely-0.0.3.tgz",
      "integrity": "sha512-DzaMw/TgLuCuadIEFPl2Y4XlO/n9rlPmkn+OIv7B0L+Lb6AkzZqqNCcF5FZT2gfU6RtEuXt7e3W0oI2bY+RWIQ=="
    }
  }
}
